
Microsoft Visual Studio Solution File, Format Version 12.00
# Visual Studio Version 17
VisualStudioVersion = 17.7.34031.279
MinimumVisualStudioVersion = 10.0.40219.1
Project("{FAE04EC0-301F-11D3-BF4B-00C04F79EFBC}") = "Lab IPO", "Lab IPO\Lab IPO.csproj", "{6EC27BF2-D6C0-43A5-9A0D-90A6A0945885}"
EndProject
Global
	GlobalSection(SolutionConfigurationPlatforms) = preSolution
		Debug|Any CPU = Debug|Any CPU
		Release|Any CPU = Release|Any CPU
	EndGlobalSection
	GlobalSection(ProjectConfigurationPlatforms) = postSolution
		{6EC27BF2-D6C0-43A5-9A0D-90A6A0945885}.Debug|Any CPU.ActiveCfg = Debug|Any CPU
		{6EC27BF2-D6C0-43A5-9A0D-90A6A0945885}.Debug|Any CPU.Build.0 = Debug|Any CPU
		{6EC27BF2-D6C0-43A5-9A0D-90A6A0945885}.Release|Any CPU.ActiveCfg = Release|Any CPU
		{6EC27BF2-D6C0-43A5-9A0D-90A6A0945885}.Release|Any CPU.Build.0 = Release|Any CPU
	EndGlobalSection
	GlobalSection(SolutionProperties) = preSolution
		HideSolutionNode = FALSE
	EndGlobalSection
	GlobalSection(ExtensibilityGlobals) = postSolution
		SolutionGuid = {E84E6AB3-9EBC-4204-9E7F-A04CA1EBB0D3}
	EndGlobalSection
EndGlobal
